{
  "name": "archival-map",
  "version": "1.0.0",
  "lockfileVersion": 3,
  "requires": true,
  "packages": {
    "": {
      "name": "archival-map",
      "version": "1.0.0",
      "license": "ISC",
      "dependencies": {
        "csvtogeojson": "^0.0.2",
        "csvtojson": "^2.0.10",
        "fs": "^0.0.1-security",
        "geojson": "^0.5.0",
        "searoute-js": "^0.1.0"
      }
    },
    "node_modules/@turf/bearing": {
      "version": "6.5.0",
      "resolved": "https://registry.npmjs.org/@turf/bearing/-/bearing-6.5.0.tgz",
      "integrity": "sha512-dxINYhIEMzgDOztyMZc20I7ssYVNEpSv04VbMo5YPQsqa80KO3TFvbuCahMsCAW5z8Tncc8dwBlEFrmRjJG33A==",
      "dependencies": {
        "@turf/helpers": "^6.5.0",
        "@turf/invariant": "^6.5.0"
      },
      "funding": {
        "url": "https://opencollective.com/turf"
      }
    },
    "node_modules/@turf/clone": {
      "version": "6.5.0",
      "resolved": "https://registry.npmjs.org/@turf/clone/-/clone-6.5.0.tgz",
      "integrity": "sha512-mzVtTFj/QycXOn6ig+annKrM6ZlimreKYz6f/GSERytOpgzodbQyOgkfwru100O1KQhhjSudKK4DsQ0oyi9cTw==",
      "dependencies": {
        "@turf/helpers": "^6.5.0"
      },
      "funding": {
        "url": "https://opencollective.com/turf"
      }
    },
    "node_modules/@turf/distance": {
      "version": "6.5.0",
      "resolved": "https://registry.npmjs.org/@turf/distance/-/distance-6.5.0.tgz",
      "integrity": "sha512-xzykSLfoURec5qvQJcfifw/1mJa+5UwByZZ5TZ8iaqjGYN0vomhV9aiSLeYdUGtYRESZ+DYC/OzY+4RclZYgMg==",
      "dependencies": {
        "@turf/helpers": "^6.5.0",
        "@turf/invariant": "^6.5.0"
      },
      "funding": {
        "url": "https://opencollective.com/turf"
      }
    },
    "node_modules/@turf/explode": {
      "version": "6.5.0",
      "resolved": "https://registry.npmjs.org/@turf/explode/-/explode-6.5.0.tgz",
      "integrity": "sha512-6cSvMrnHm2qAsace6pw9cDmK2buAlw8+tjeJVXMfMyY+w7ZUi1rprWMsY92J7s2Dar63Bv09n56/1V7+tcj52Q==",
      "dependencies": {
        "@turf/helpers": "^6.5.0",
        "@turf/meta": "^6.5.0"
      },
      "funding": {
        "url": "https://opencollective.com/turf"
      }
    },
    "node_modules/@turf/helpers": {
      "version": "6.5.0",
      "resolved": "https://registry.npmjs.org/@turf/helpers/-/helpers-6.5.0.tgz",
      "integrity": "sha512-VbI1dV5bLFzohYYdgqwikdMVpe7pJ9X3E+dlr425wa2/sMJqYDhTO++ec38/pcPvPE6oD9WEEeU3Xu3gza+VPw==",
      "funding": {
        "url": "https://opencollective.com/turf"
      }
    },
    "node_modules/@turf/invariant": {
      "version": "6.5.0",
      "resolved": "https://registry.npmjs.org/@turf/invariant/-/invariant-6.5.0.tgz",
      "integrity": "sha512-Wv8PRNCtPD31UVbdJE/KVAWKe7l6US+lJItRR/HOEW3eh+U/JwRCSUl/KZ7bmjM/C+zLNoreM2TU6OoLACs4eg==",
      "dependencies": {
        "@turf/helpers": "^6.5.0"
      },
      "funding": {
        "url": "https://opencollective.com/turf"
      }
    },
    "node_modules/@turf/length": {
      "version": "6.5.0",
      "resolved": "https://registry.npmjs.org/@turf/length/-/length-6.5.0.tgz",
      "integrity": "sha512-5pL5/pnw52fck3oRsHDcSGrj9HibvtlrZ0QNy2OcW8qBFDNgZ4jtl6U7eATVoyWPKBHszW3dWETW+iLV7UARig==",
      "dependencies": {
        "@turf/distance": "^6.5.0",
        "@turf/helpers": "^6.5.0",
        "@turf/meta": "^6.5.0"
      },
      "funding": {
        "url": "https://opencollective.com/turf"
      }
    },
    "node_modules/@turf/meta": {
      "version": "6.5.0",
      "resolved": "https://registry.npmjs.org/@turf/meta/-/meta-6.5.0.tgz",
      "integrity": "sha512-RrArvtsV0vdsCBegoBtOalgdSOfkBrTJ07VkpiCnq/491W67hnMWmDu7e6Ztw0C3WldRYTXkg3SumfdzZxLBHA==",
      "dependencies": {
        "@turf/helpers": "^6.5.0"
      },
      "funding": {
        "url": "https://opencollective.com/turf"
      }
    },
    "node_modules/@turf/point-to-line-distance": {
      "version": "6.5.0",
      "resolved": "https://registry.npmjs.org/@turf/point-to-line-distance/-/point-to-line-distance-6.5.0.tgz",
      "integrity": "sha512-opHVQ4vjUhNBly1bob6RWy+F+hsZDH9SA0UW36pIRzfpu27qipU18xup0XXEePfY6+wvhF6yL/WgCO2IbrLqEA==",
      "dependencies": {
        "@turf/bearing": "^6.5.0",
        "@turf/distance": "^6.5.0",
        "@turf/helpers": "^6.5.0",
        "@turf/invariant": "^6.5.0",
        "@turf/meta": "^6.5.0",
        "@turf/projection": "^6.5.0",
        "@turf/rhumb-bearing": "^6.5.0",
        "@turf/rhumb-distance": "^6.5.0"
      },
      "funding": {
        "url": "https://opencollective.com/turf"
      }
    },
    "node_modules/@turf/projection": {
      "version": "6.5.0",
      "resolved": "https://registry.npmjs.org/@turf/projection/-/projection-6.5.0.tgz",
      "integrity": "sha512-/Pgh9mDvQWWu8HRxqpM+tKz8OzgauV+DiOcr3FCjD6ubDnrrmMJlsf6fFJmggw93mtVPrZRL6yyi9aYCQBOIvg==",
      "dependencies": {
        "@turf/clone": "^6.5.0",
        "@turf/helpers": "^6.5.0",
        "@turf/meta": "^6.5.0"
      },
      "funding": {
        "url": "https://opencollective.com/turf"
      }
    },
    "node_modules/@turf/rhumb-bearing": {
      "version": "6.5.0",
      "resolved": "https://registry.npmjs.org/@turf/rhumb-bearing/-/rhumb-bearing-6.5.0.tgz",
      "integrity": "sha512-jMyqiMRK4hzREjQmnLXmkJ+VTNTx1ii8vuqRwJPcTlKbNWfjDz/5JqJlb5NaFDcdMpftWovkW5GevfnuzHnOYA==",
      "dependencies": {
        "@turf/helpers": "^6.5.0",
        "@turf/invariant": "^6.5.0"
      },
      "funding": {
        "url": "https://opencollective.com/turf"
      }
    },
    "node_modules/@turf/rhumb-distance": {
      "version": "6.5.0",
      "resolved": "https://registry.npmjs.org/@turf/rhumb-distance/-/rhumb-distance-6.5.0.tgz",
      "integrity": "sha512-oKp8KFE8E4huC2Z1a1KNcFwjVOqa99isxNOwfo4g3SUABQ6NezjKDDrnvC4yI5YZ3/huDjULLBvhed45xdCrzg==",
      "dependencies": {
        "@turf/helpers": "^6.5.0",
        "@turf/invariant": "^6.5.0"
      },
      "funding": {
        "url": "https://opencollective.com/turf"
      }
    },
    "node_modules/bluebird": {
      "version": "3.7.2",
      "resolved": "https://registry.npmjs.org/bluebird/-/bluebird-3.7.2.tgz",
      "integrity": "sha512-XpNj6GDQzdfW+r2Wnn7xiSAd7TM3jzkxGXBGTtWKuSXv1xUV+azxAm8jdWZN06QTQk+2N2XB9jRDkvbmQmcRtg=="
    },
    "node_modules/csvtogeojson": {
      "version": "0.0.2",
      "resolved": "https://registry.npmjs.org/csvtogeojson/-/csvtogeojson-0.0.2.tgz",
      "integrity": "sha512-js5fGo1fsarOHWGQWmUh/LqBVopzqzU9mPVci+OKJQrwIdnlGnAlNt6o02kpCEYQg2DU4s+DXw82I3uq2E2RpA==",
      "dependencies": {
        "lodash": "^3.9.3"
      }
    },
    "node_modules/csvtojson": {
      "version": "2.0.10",
      "resolved": "https://registry.npmjs.org/csvtojson/-/csvtojson-2.0.10.tgz",
      "integrity": "sha512-lUWFxGKyhraKCW8Qghz6Z0f2l/PqB1W3AO0HKJzGIQ5JRSlR651ekJDiGJbBT4sRNNv5ddnSGVEnsxP9XRCVpQ==",
      "dependencies": {
        "bluebird": "^3.5.1",
        "lodash": "^4.17.3",
        "strip-bom": "^2.0.0"
      },
      "bin": {
        "csvtojson": "bin/csvtojson"
      },
      "engines": {
        "node": ">=4.0.0"
      }
    },
    "node_modules/csvtojson/node_modules/lodash": {
      "version": "4.17.21",
      "resolved": "https://registry.npmjs.org/lodash/-/lodash-4.17.21.tgz",
      "integrity": "sha512-v2kDEe57lecTulaDIuNTPy3Ry4gLGJ6Z1O3vE1krgXZNrsQ+LFTGHVxVjcXPs17LhbZVGedAJv8XZ1tvj5FvSg=="
    },
    "node_modules/fs": {
      "version": "0.0.1-security",
      "resolved": "https://registry.npmjs.org/fs/-/fs-0.0.1-security.tgz",
      "integrity": "sha512-3XY9e1pP0CVEUCdj5BmfIZxRBTSDycnbqhIOGec9QYtmVH2fbLpj86CFWkrNOkt/Fvty4KZG5lTglL9j/gJ87w=="
    },
    "node_modules/geojson": {
      "version": "0.5.0",
      "resolved": "https://registry.npmjs.org/geojson/-/geojson-0.5.0.tgz",
      "integrity": "sha512-/Bx5lEn+qRF4TfQ5aLu6NH+UKtvIv7Lhc487y/c8BdludrCTpiWf9wyI0RTyqg49MFefIAvFDuEi5Dfd/zgNxQ==",
      "engines": {
        "node": ">= 0.10"
      }
    },
    "node_modules/geojson-path-finder": {
      "version": "1.5.3",
      "resolved": "https://registry.npmjs.org/geojson-path-finder/-/geojson-path-finder-1.5.3.tgz",
      "integrity": "sha512-AY04yLLbHQIEfLlCb/kvrU1rJJPuLR0zfWe2fjuquzQdJngvZKN+Fi/mpLoMlimrzDq2xQSYffzIv7XAG0OwZw==",
      "dependencies": {
        "@turf/distance": "^6.3.0",
        "@turf/explode": "^6.3.0",
        "@turf/helpers": "^6.3.0",
        "tinyqueue": "^2.0.0"
      }
    },
    "node_modules/is-utf8": {
      "version": "0.2.1",
      "resolved": "https://registry.npmjs.org/is-utf8/-/is-utf8-0.2.1.tgz",
      "integrity": "sha512-rMYPYvCzsXywIsldgLaSoPlw5PfoB/ssr7hY4pLfcodrA5M/eArza1a9VmTiNIBNMjOGr1Ow9mTyU2o69U6U9Q=="
    },
    "node_modules/lodash": {
      "version": "3.10.1",
      "resolved": "https://registry.npmjs.org/lodash/-/lodash-3.10.1.tgz",
      "integrity": "sha512-9mDDwqVIma6OZX79ZlDACZl8sBm0TEnkf99zV3iMA4GzkIT/9hiqP5mY0HoT1iNLCrKc/R1HByV+yJfRWVJryQ=="
    },
    "node_modules/searoute-js": {
      "version": "0.1.0",
      "resolved": "https://registry.npmjs.org/searoute-js/-/searoute-js-0.1.0.tgz",
      "integrity": "sha512-s4EfPTs6Yat1wmVqld+PVGWt1zp4qHEdASSeTX9b1kJ8cgO+YooB36+vo/cRCOq4CbcgiSxK0boSYxuYOAlUOQ==",
      "dependencies": {
        "@turf/helpers": "^6.1.4",
        "@turf/length": "^6.0.2",
        "@turf/point-to-line-distance": "^6.0.0",
        "geojson-path-finder": "^1.5.2"
      }
    },
    "node_modules/strip-bom": {
      "version": "2.0.0",
      "resolved": "https://registry.npmjs.org/strip-bom/-/strip-bom-2.0.0.tgz",
      "integrity": "sha512-kwrX1y7czp1E69n2ajbG65mIo9dqvJ+8aBQXOGVxqwvNbsXdFM6Lq37dLAY3mknUwru8CfcCbfOLL/gMo+fi3g==",
      "dependencies": {
        "is-utf8": "^0.2.0"
      },
      "engines": {
        "node": ">=0.10.0"
      }
    },
    "node_modules/tinyqueue": {
      "version": "2.0.3",
      "resolved": "https://registry.npmjs.org/tinyqueue/-/tinyqueue-2.0.3.tgz",
      "integrity": "sha512-ppJZNDuKGgxzkHihX8v9v9G5f+18gzaTfrukGrq6ueg0lmH4nqVnA2IPG0AEH3jKEk2GRJCUhDoqpoiw3PHLBA=="
    }
  }
}
